// !$*UTF8*$!
{
	archiveVersion = 1;
	classes = {
	};
	objectVersion = 55;
	objects = {

/* Begin PBXBuildFile section */
		9684E8AA2CC7A2CE00DC4C93 /* JSONExampleApp.swift in Sources */ = {isa = PBXBuildFile; fileRef = 9684E8A92CC7A2CE00DC4C93 /* JSONExampleApp.swift */; };
		9684E8AC2CC7A2CE00DC4C93 /* ContentView.swift in Sources */ = {isa = PBXBuildFile; fileRef = 9684E8AB2CC7A2CE00DC4C93 /* ContentView.swift */; };
		9684E8AE2CC7A2D000DC4C93 /* Assets.xcassets in Resources */ = {isa = PBXBuildFile; fileRef = 9684E8AD2CC7A2D000DC4C93 /* Assets.xcassets */; };
		9684E8B12CC7A2D000DC4C93 /* Preview Assets.xcassets in Resources */ = {isa = PBXBuildFile; fileRef = 9684E8B02CC7A2D000DC4C93 /* Preview Assets.xcassets */; };
		9684E8B82CC7A3B600DC4C93 /* Person.swift in Sources */ = {isa = PBXBuildFile; fileRef = 9684E8B72CC7A3B600DC4C93 /* Person.swift */; };
		9684E8BA2CC7A3DB00DC4C93 /* jsonData.json in Resources */ = {isa = PBXBuildFile; fileRef = 9684E8B92CC7A3DB00DC4C93 /* jsonData.json */; };
		9684E8BC2CC7A64400DC4C93 /* PersonViewModel.swift in Sources */ = {isa = PBXBuildFile; fileRef = 9684E8BB2CC7A64400DC4C93 /* PersonViewModel.swift */; };
		9684E8BE2CC7AAFF00DC4C93 /* UserDetails.swift in Sources */ = {isa = PBXBuildFile; fileRef = 9684E8BD2CC7AAFF00DC4C93 /* UserDetails.swift */; };
/* End PBXBuildFile section */

/* Begin PBXFileReference section */
		9684E8A62CC7A2CE00DC4C93 /* JSONExample.app */ = {isa = PBXFileReference; explicitFileType = wrapper.application; includeInIndex = 0; path = JSONExample.app; sourceTree = BUILT_PRODUCTS_DIR; };
		9684E8A92CC7A2CE00DC4C93 /* JSONExampleApp.swift */ = {isa = PBXFileReference; lastKnownFileType = sourcecode.swift; path = JSONExampleApp.swift; sourceTree = "<group>"; };
		9684E8AB2CC7A2CE00DC4C93 /* ContentView.swift */ = {isa = PBXFileReference; lastKnownFileType = sourcecode.swift; path = ContentView.swift; sourceTree = "<group>"; };
		9684E8AD2CC7A2D000DC4C93 /* Assets.xcassets */ = {isa = PBXFileReference; lastKnownFileType = folder.assetcatalog; path = Assets.xcassets; sourceTree = "<group>"; };
		9684E8B02CC7A2D000DC4C93 /* Preview Assets.xcassets */ = {isa = PBXFileReference; lastKnownFileType = folder.assetcatalog; path = "Preview Assets.xcassets"; sourceTree = "<group>"; };
		9684E8B72CC7A3B600DC4C93 /* Person.swift */ = {isa = PBXFileReference; lastKnownFileType = sourcecode.swift; path = Person.swift; sourceTree = "<group>"; };
		9684E8B92CC7A3DB00DC4C93 /* jsonData.json */ = {isa = PBXFileReference; fileEncoding = 4; lastKnownFileType = text.json; name = jsonData.json; path = ../../../Downloads/jsonData.json; sourceTree = "<group>"; };
		9684E8BB2CC7A64400DC4C93 /* PersonViewModel.swift */ = {isa = PBXFileReference; lastKnownFileType = sourcecode.swift; path = PersonViewModel.swift; sourceTree = "<group>"; };
		9684E8BD2CC7AAFF00DC4C93 /* UserDetails.swift */ = {isa = PBXFileReference; lastKnownFileType = sourcecode.swift; path = UserDetails.swift; sourceTree = "<group>"; };
/* End PBXFileReference section */

/* Begin PBXFrameworksBuildPhase section */
		9684E8A32CC7A2CE00DC4C93 /* Frameworks */ = {
			isa = PBXFrameworksBuildPhase;
			buildActionMask = 2147483647;
			files = (
			);
			runOnlyForDeploymentPostprocessing = 0;
		};
/* End PBXFrameworksBuildPhase section */

/* Begin PBXGroup section */
		9684E89D2CC7A2CE00DC4C93 = {
			isa = PBXGroup;
			children = (
				9684E8A82CC7A2CE00DC4C93 /* JSONExample */,
				9684E8A72CC7A2CE00DC4C93 /* Products */,
			);
			sourceTree = "<group>";
		};
		9684E8A72CC7A2CE00DC4C93 /* Products */ = {
			isa = PBXGroup;
			children = (
				9684E8A62CC7A2CE00DC4C93 /* JSONExample.app */,
			);
			name = Products;
			sourceTree = "<group>";
		};
		9684E8A82CC7A2CE00DC4C93 /* JSONExample */ = {
			isa = PBXGroup;
			children = (
				9684E8A92CC7A2CE00DC4C93 /* JSONExampleApp.swift */,
				9684E8AB2CC7A2CE00DC4C93 /* ContentView.swift */,
				9684E8BD2CC7AAFF00DC4C93 /* UserDetails.swift */,
				9684E8B72CC7A3B600DC4C93 /* Person.swift */,
				9684E8BB2CC7A64400DC4C93 /* PersonViewModel.swift */,
				9684E8AD2CC7A2D000DC4C93 /* Assets.xcassets */,
				9684E8B92CC7A3DB00DC4C93 /* jsonData.json */,
				9684E8AF2CC7A2D000DC4C93 /* Preview Content */,
			);
			path = JSONExample;
			sourceTree = "<group>";
		};
		9684E8AF2CC7A2D000DC4C93 /* Preview Content */ = {
			isa = PBXGroup;
			children = (
				9684E8B02CC7A2D000DC4C93 /* Preview Assets.xcassets */,
			);
			path = "Preview Content";
			sourceTree = "<group>";
		};
/* End PBXGroup section */

/* Begin PBXNativeTarget section */
		9684E8A52CC7A2CE00DC4C93 /* JSONExample */ = {
			isa = PBXNativeTarget;
			buildConfigurationList = 9684E8B42CC7A2D000DC4C93 /* Build configuration list for PBXNativeTarget "JSONExample" */;
			buildPhases = (
				9684E8A22CC7A2CE00DC4C93 /* Sources */,
				9684E8A32CC7A2CE00DC4C93 /* Frameworks */,
				9684E8A42CC7A2CE00DC4C93 /* Resources */,
			);
			buildRules = (
			);
			dependencies = (
			);
			name = JSONExample;
			productName = JSONExample;
			productReference = 9684E8A62CC7A2CE00DC4C93 /* JSONExample.app */;
			productType = "com.apple.product-type.application";
		};
/* End PBXNativeTarget section */

/* Begin PBXProject section */
		9684E89E2CC7A2CE00DC4C93 /* Project object */ = {
			isa = PBXProject;
			attributes = {
				BuildIndependentTargetsInParallel = 1;
				LastSwiftUpdateCheck = 1340;
				LastUpgradeCheck = 1340;
				TargetAttributes = {
					9684E8A52CC7A2CE00DC4C93 = {
						CreatedOnToolsVersion = 13.4.1;
					};
				};
			};
			buildConfigurationList = 9684E8A12CC7A2CE00DC4C93 /* Build configuration list for PBXProject "JSONExample" */;
			compatibilityVersion = "Xcode 13.0";
			developmentRegion = en;
			hasScannedForEncodings = 0;
			knownRegions = (
				en,
				Base,
			);
			mainGroup = 9684E89D2CC7A2CE00DC4C93;
			productRefGroup = 9684E8A72CC7A2CE00DC4C93 /* Products */;
			projectDirPath = "";
			projectRoot = "";
			targets = (
				9684E8A52CC7A2CE00DC4C93 /* JSONExample */,
			);
		};
/* End PBXProject section */

/* Begin PBXResourcesBuildPhase section */
		9684E8A42CC7A2CE00DC4C93 /* Resources */ = {
			isa = PBXResourcesBuildPhase;
			buildActionMask = 2147483647;
			files = (
				9684E8B12CC7A2D000DC4C93 /* Preview Assets.xcassets in Resources */,
				9684E8AE2CC7A2D000DC4C93 /* Assets.xcassets in Resources */,
				9684E8BA2CC7A3DB00DC4C93 /* jsonData.json in Resources */,
			);
			runOnlyForDeploymentPostprocessing = 0;
		};
/* End PBXResourcesBuildPhase section */

/* Begin PBXSourcesBuildPhase section */
		9684E8A22CC7A2CE00DC4C93 /* Sources */ = {
			isa = PBXSourcesBuildPhase;
			buildActionMask = 2147483647;
			files = (
				9684E8B82CC7A3B600DC4C93 /* Person.swift in Sources */,
				9684E8AC2CC7A2CE00DC4C93 /* ContentView.swift in Sources */,
				9684E8AA2CC7A2CE00DC4C93 /* JSONExampleApp.swift in Sources */,
				9684E8BC2CC7A64400DC4C93 /* PersonViewModel.swift in Sources */,
				9684E8BE2CC7AAFF00DC4C93 /* UserDetails.swift in Sources */,
			);
			runOnlyForDeploymentPostprocessing = 0;
		};
/* End PBXSourcesBuildPhase section */

/* Begin XCBuildConfiguration section */
		9684E8B22CC7A2D000DC4C93 /* Debug */ = {
			isa = XCBuildConfiguration;
			buildSettings = {
				ALWAYS_SEARCH_USER_PATHS = NO;
				CLANG_ANALYZER_NONNULL = YES;
				CLANG_ANALYZER_NUMBER_OBJECT_CONVERSION = YES_AGGRESSIVE;
				CLANG_CXX_LANGUAGE_STANDARD = "gnu++17";
				CLANG_ENABLE_MODULES = YES;
				CLANG_ENABLE_OBJC_ARC = YES;
				CLANG_ENABLE_OBJC_WEAK = YES;
				CLANG_WARN_BLOCK_CAPTURE_AUTORELEASING = YES;
				CLANG_WARN_BOOL_CONVERSION = YES;
				CLANG_WARN_COMMA = YES;
				CLANG_WARN_CONSTANT_CONVERSION = YES;
				CLANG_WARN_DEPRECATED_OBJC_IMPLEMENTATIONS = YES;
				CLANG_WARN_DIRECT_OBJC_ISA_USAGE = YES_ERROR;
				CLANG_WARN_DOCUMENTATION_COMMENTS = YES;
				CLANG_WARN_EMPTY_BODY = YES;
				CLANG_WARN_ENUM_CONVERSION = YES;
				CLANG_WARN_INFINITE_RECURSION = YES;
				CLANG_WARN_INT_CONVERSION = YES;
				CLANG_WARN_NON_LITERAL_NULL_CONVERSION = YES;
				CLANG_WARN_OBJC_IMPLICIT_RETAIN_SELF = YES;
				CLANG_WARN_OBJC_LITERAL_CONVERSION = YES;
				CLANG_WARN_OBJC_ROOT_CLASS = YES_ERROR;
				CLANG_WARN_QUOTED_INCLUDE_IN_FRAMEWORK_HEADER = YES;
				CLANG_WARN_RANGE_LOOP_ANALYSIS = YES;
				CLANG_WARN_STRICT_PROTOTYPES = YES;
				CLANG_WARN_SUSPICIOUS_MOVE = YES;
				CLANG_WARN_UNGUARDED_AVAILABILITY = YES_AGGRESSIVE;
				CLANG_WARN_UNREACHABLE_CODE = YES;
				CLANG_WARN__DUPLICATE_METHOD_MATCH = YES;
				COPY_PHASE_STRIP = NO;
				DEBUG_INFORMATION_FORMAT = dwarf;
				ENABLE_STRICT_OBJC_MSGSEND = YES;
				ENABLE_TESTABILITY = YES;
				GCC_C_LANGUAGE_STANDARD = gnu11;
				GCC_DYNAMIC_NO_PIC = NO;
				GCC_NO_COMMON_BLOCKS = YES;
				GCC_OPTIMIZATION_LEVEL = 0;
				GCC_PREPROCESSOR_DEFINITIONS = (
					"DEBUG=1",
					"$(inherited)",
				);
				GCC_WARN_64_TO_32_BIT_CONVERSION = YES;
				GCC_WARN_ABOUT_RETURN_TYPE = YES_ERROR;
				GCC_WARN_UNDECLARED_SELECTOR = YES;
				GCC_WARN_UNINITIALIZED_AUTOS = YES_AGGRESSIVE;
				GCC_WARN_UNUSED_FUNCTION = YES;
				GCC_WARN_UNUSED_VARIABLE = YES;
				IPHONEOS_DEPLOYMENT_TARGET = 15.5;
				MTL_ENABLE_DEBUG_INFO = INCLUDE_SOURCE;
				MTL_FAST_MATH = YES;
				ONLY_ACTIVE_ARCH = YES;
				SDKROOT = iphoneos;
				SWIFT_ACTIVE_COMPILATION_CONDITIONS = DEBUG;
				SWIFT_OPTIMIZATION_LEVEL = "-Onone";
			};
			name = Debug;
		};
		9684E8B32CC7A2D000DC4C93 /* Release */ = {
			isa = XCBuildConfiguration;
			buildSettings = {
				ALWAYS_SEARCH_USER_PATHS = NO;
				CLANG_ANALYZER_NONNULL = YES;
				CLANG_ANALYZER_NUMBER_OBJECT_CONVERSION = YES_AGGRESSIVE;
				CLANG_CXX_LANGUAGE_STANDARD = "gnu++17";
				CLANG_ENABLE_MODULES = YES;
				CLANG_ENABLE_OBJC_ARC = YES;
				CLANG_ENABLE_OBJC_WEAK = YES;
				CLANG_WARN_BLOCK_CAPTURE_AUTORELEASING = YES;
				CLANG_WARN_BOOL_CONVERSION = YES;
				CLANG_WARN_COMMA = YES;
				CLANG_WARN_CONSTANT_CONVERSION = YES;
				CLANG_WARN_DEPRECATED_OBJC_IMPLEMENTATIONS = YES;
				CLANG_WARN_DIRECT_OBJC_ISA_USAGE = YES_ERROR;
				CLANG_WARN_DOCUMENTATION_COMMENTS = YES;
				CLANG_WARN_EMPTY_BODY = YES;
				CLANG_WARN_ENUM_CONVERSION = YES;
				CLANG_WARN_INFINITE_RECURSION = YES;
				CLANG_WARN_INT_CONVERSION = YES;
				CLANG_WARN_NON_LITERAL_NULL_CONVERSION = YES;
				CLANG_WARN_OBJC_IMPLICIT_RETAIN_SELF = YES;
				CLANG_WARN_OBJC_LITERAL_CONVERSION = YES;
				CLANG_WARN_OBJC_ROOT_CLASS = YES_ERROR;
				CLANG_WARN_QUOTED_INCLUDE_IN_FRAMEWORK_HEADER = YES;
				CLANG_WARN_RANGE_LOOP_ANALYSIS = YES;
				CLANG_WARN_STRICT_PROTOTYPES = YES;
				CLANG_WARN_SUSPICIOUS_MOVE = YES;
				CLANG_WARN_UNGUARDED_AVAILABILITY = YES_AGGRESSIVE;
				CLANG_WARN_UNREACHABLE_CODE = YES;
				CLANG_WARN__DUPLICATE_METHOD_MATCH = YES;
				COPY_PHASE_STRIP = NO;
				DEBUG_INFORMATION_FORMAT = "dwarf-with-dsym";
				ENABLE_NS_ASSERTIONS = NO;
				ENABLE_STRICT_OBJC_MSGSEND = YES;
				GCC_C_LANGUAGE_STANDARD = gnu11;
				GCC_NO_COMMON_BLOCKS = YES;
				GCC_WARN_64_TO_32_BIT_CONVERSION = YES;
				GCC_WARN_ABOUT_RETURN_TYPE = YES_ERROR;
				GCC_WARN_UNDECLARED_SELECTOR = YES;
				GCC_WARN_UNINITIALIZED_AUTOS = YES_AGGRESSIVE;
				GCC_WARN_UNUSED_FUNCTION = YES;
				GCC_WARN_UNUSED_VARIABLE = YES;
				IPHONEOS_DEPLOYMENT_TARGET = 15.5;
				MTL_ENABLE_DEBUG_INFO = NO;
				MTL_FAST_MATH = YES;
				SDKROOT = iphoneos;
				SWIFT_COMPILATION_MODE = wholemodule;
				SWIFT_OPTIMIZATION_LEVEL = "-O";
				VALIDATE_PRODUCT = YES;
			};
			name = Release;
		};
		9684E8B52CC7A2D000DC4C93 /* Debug */ = {
			isa = XCBuildConfiguration;
			buildSettings = {
				ASSETCATALOG_COMPILER_APPICON_NAME = AppIcon;
				ASSETCATALOG_COMPILER_GLOBAL_ACCENT_COLOR_NAME = AccentColor;
				CODE_SIGN_STYLE = Automatic;
				CURRENT_PROJECT_VERSION = 1;
				DEVELOPMENT_ASSET_PATHS = "\"JSONExample/Preview Content\"";
				DEVELOPMENT_TEAM = N647CMKJXJ;
				ENABLE_PREVIEWS = YES;
				GENERATE_INFOPLIST_FILE = YES;
				INFOPLIST_KEY_UIApplicationSceneManifest_Generation = YES;
				INFOPLIST_KEY_UIApplicationSupportsIndirectInputEvents = YES;
				INFOPLIST_KEY_UILaunchScreen_Generation = YES;
				INFOPLIST_KEY_UISupportedInterfaceOrientations_iPad = "UIInterfaceOrientationPortrait UIInterfaceOrientationPortraitUpsideDown UIInterfaceOrientationLandscapeLeft UIInterfaceOrientationLandscapeRight";
				INFOPLIST_KEY_UISupportedInterfaceOrientations_iPhone = "UIInterfaceOrientationPortrait UIInterfaceOrientationLandscapeLeft UIInterfaceOrientationLandscapeRight";
				LD_RUNPATH_SEARCH_PATHS = (
					"$(inherited)",
					"@executable_path/Frameworks",
				);
				MARKETING_VERSION = 1.0;
				PRODUCT_BUNDLE_IDENTIFIER = ddukk.JSONExample;
				PRODUCT_NAME = "$(TARGET_NAME)";
				SWIFT_EMIT_LOC_STRINGS = YES;
				SWIFT_VERSION = 5.0;
				TARGETED_DEVICE_FAMILY = "1,2";
			};
			name = Debug;
		};
		9684E8B62CC7A2D000DC4C93 /* Release */ = {
			isa = XCBuildConfiguration;
			buildSettings = {
				ASSETCATALOG_COMPILER_APPICON_NAME = AppIcon;
				ASSETCATALOG_COMPILER_GLOBAL_ACCENT_COLOR_NAME = AccentColor;
				CODE_SIGN_STYLE = Automatic;
				CURRENT_PROJECT_VERSION = 1;
				DEVELOPMENT_ASSET_PATHS = "\"JSONExample/Preview Content\"";
				DEVELOPMENT_TEAM = N647CMKJXJ;
				ENABLE_PREVIEWS = YES;
				GENERATE_INFOPLIST_FILE = YES;
				INFOPLIST_KEY_UIApplicationSceneManifest_Generation = YES;
				INFOPLIST_KEY_UIApplicationSupportsIndirectInputEvents = YES;
				INFOPLIST_KEY_UILaunchScreen_Generation = YES;
				INFOPLIST_KEY_UISupportedInterfaceOrientations_iPad = "UIInterfaceOrientationPortrait UIInterfaceOrientationPortraitUpsideDown UIInterfaceOrientationLandscapeLeft UIInterfaceOrientationLandscapeRight";
				INFOPLIST_KEY_UISupportedInterfaceOrientations_iPhone = "UIInterfaceOrientationPortrait UIInterfaceOrientationLandscapeLeft UIInterfaceOrientationLandscapeRight";
				LD_RUNPATH_SEARCH_PATHS = (
					"$(inherited)",
					"@executable_path/Frameworks",
				);
				MARKETING_VERSION = 1.0;
				PRODUCT_BUNDLE_IDENTIFIER = ddukk.JSONExample;
				PRODUCT_NAME = "$(TARGET_NAME)";
				SWIFT_EMIT_LOC_STRINGS = YES;
				SWIFT_VERSION = 5.0;
				TARGETED_DEVICE_FAMILY = "1,2";
			};
			name = Release;
		};
/* End XCBuildConfiguration section */

/* Begin XCConfigurationList section */
		9684E8A12CC7A2CE00DC4C93 /* Build configuration list for PBXProject "JSONExample" */ = {
			isa = XCConfigurationList;
			buildConfigurations = (
				9684E8B22CC7A2D000DC4C93 /* Debug */,
				9684E8B32CC7A2D000DC4C93 /* Release */,
			);
			defaultConfigurationIsVisible = 0;
			defaultConfigurationName = Release;
		};
		9684E8B42CC7A2D000DC4C93 /* Build configuration list for PBXNativeTarget "JSONExample" */ = {
			isa = XCConfigurationList;
			buildConfigurations = (
				9684E8B52CC7A2D000DC4C93 /* Debug */,
				9684E8B62CC7A2D000DC4C93 /* Release */,
			);
			defaultConfigurationIsVisible = 0;
			defaultConfigurationName = Release;
		};
/* End XCConfigurationList section */
	};
	rootObject = 9684E89E2CC7A2CE00DC4C93 /* Project object */;
}
