// !$*UTF8*$!
{
	archiveVersion = 1;
	classes = {
	};
	objectVersion = 55;
	objects = {

/* Begin PBXBuildFile section */
		9695E4222CB117F800FC0C12 /* AppliedIosApp.swift in Sources */ = {isa = PBXBuildFile; fileRef = 9695E4212CB117F800FC0C12 /* AppliedIosApp.swift */; };
		9695E4242CB117F800FC0C12 /* ContentView.swift in Sources */ = {isa = PBXBuildFile; fileRef = 9695E4232CB117F800FC0C12 /* ContentView.swift */; };
		9695E4262CB117FA00FC0C12 /* Assets.xcassets in Resources */ = {isa = PBXBuildFile; fileRef = 9695E4252CB117FA00FC0C12 /* Assets.xcassets */; };
		9695E4292CB117FA00FC0C12 /* Preview Assets.xcassets in Resources */ = {isa = PBXBuildFile; fileRef = 9695E4282CB117FA00FC0C12 /* Preview Assets.xcassets */; };
		9695E42B2CB117FA00FC0C12 /* Persistence.swift in Sources */ = {isa = PBXBuildFile; fileRef = 9695E42A2CB117FA00FC0C12 /* Persistence.swift */; };
		9695E42E2CB117FA00FC0C12 /* AppliedIos.xcdatamodeld in Sources */ = {isa = PBXBuildFile; fileRef = 9695E42C2CB117FA00FC0C12 /* AppliedIos.xcdatamodeld */; };
		96F0F98E2CDB487000CBBB54 /* ViewEditDetails.swift in Sources */ = {isa = PBXBuildFile; fileRef = 96F0F98D2CDB487000CBBB54 /* ViewEditDetails.swift */; };
/* End PBXBuildFile section */

/* Begin PBXFileReference section */
		9690142D2CB13FD40015C730 /* AppliedIos 2.xcdatamodel */ = {isa = PBXFileReference; lastKnownFileType = wrapper.xcdatamodel; path = "AppliedIos 2.xcdatamodel"; sourceTree = "<group>"; };
		9695E41E2CB117F800FC0C12 /* AppliedIos.app */ = {isa = PBXFileReference; explicitFileType = wrapper.application; includeInIndex = 0; path = AppliedIos.app; sourceTree = BUILT_PRODUCTS_DIR; };
		9695E4212CB117F800FC0C12 /* AppliedIosApp.swift */ = {isa = PBXFileReference; lastKnownFileType = sourcecode.swift; path = AppliedIosApp.swift; sourceTree = "<group>"; };
		9695E4232CB117F800FC0C12 /* ContentView.swift */ = {isa = PBXFileReference; lastKnownFileType = sourcecode.swift; path = ContentView.swift; sourceTree = "<group>"; };
		9695E4252CB117FA00FC0C12 /* Assets.xcassets */ = {isa = PBXFileReference; lastKnownFileType = folder.assetcatalog; path = Assets.xcassets; sourceTree = "<group>"; };
		9695E4282CB117FA00FC0C12 /* Preview Assets.xcassets */ = {isa = PBXFileReference; lastKnownFileType = folder.assetcatalog; path = "Preview Assets.xcassets"; sourceTree = "<group>"; };
		9695E42A2CB117FA00FC0C12 /* Persistence.swift */ = {isa = PBXFileReference; lastKnownFileType = sourcecode.swift; path = Persistence.swift; sourceTree = "<group>"; };
		9695E42D2CB117FA00FC0C12 /* AppliedIos.xcdatamodel */ = {isa = PBXFileReference; lastKnownFileType = wrapper.xcdatamodel; path = AppliedIos.xcdatamodel; sourceTree = "<group>"; };
		96F0F98D2CDB487000CBBB54 /* ViewEditDetails.swift */ = {isa = PBXFileReference; lastKnownFileType = sourcecode.swift; path = ViewEditDetails.swift; sourceTree = "<group>"; };
/* End PBXFileReference section */

/* Begin PBXFrameworksBuildPhase section */
		9695E41B2CB117F800FC0C12 /* Frameworks */ = {
			isa = PBXFrameworksBuildPhase;
			buildActionMask = 2147483647;
			files = (
			);
			runOnlyForDeploymentPostprocessing = 0;
		};
/* End PBXFrameworksBuildPhase section */

/* Begin PBXGroup section */
		9695E4152CB117F800FC0C12 = {
			isa = PBXGroup;
			children = (
				9695E4202CB117F800FC0C12 /* AppliedIos */,
				9695E41F2CB117F800FC0C12 /* Products */,
			);
			sourceTree = "<group>";
		};
		9695E41F2CB117F800FC0C12 /* Products */ = {
			isa = PBXGroup;
			children = (
				9695E41E2CB117F800FC0C12 /* AppliedIos.app */,
			);
			name = Products;
			sourceTree = "<group>";
		};
		9695E4202CB117F800FC0C12 /* AppliedIos */ = {
			isa = PBXGroup;
			children = (
				9695E4212CB117F800FC0C12 /* AppliedIosApp.swift */,
				9695E4232CB117F800FC0C12 /* ContentView.swift */,
				96F0F98D2CDB487000CBBB54 /* ViewEditDetails.swift */,
				9695E4252CB117FA00FC0C12 /* Assets.xcassets */,
				9695E42A2CB117FA00FC0C12 /* Persistence.swift */,
				9695E42C2CB117FA00FC0C12 /* AppliedIos.xcdatamodeld */,
				9695E4272CB117FA00FC0C12 /* Preview Content */,
			);
			path = AppliedIos;
			sourceTree = "<group>";
		};
		9695E4272CB117FA00FC0C12 /* Preview Content */ = {
			isa = PBXGroup;
			children = (
				9695E4282CB117FA00FC0C12 /* Preview Assets.xcassets */,
			);
			path = "Preview Content";
			sourceTree = "<group>";
		};
/* End PBXGroup section */

/* Begin PBXNativeTarget section */
		9695E41D2CB117F800FC0C12 /* AppliedIos */ = {
			isa = PBXNativeTarget;
			buildConfigurationList = 9695E4312CB117FA00FC0C12 /* Build configuration list for PBXNativeTarget "AppliedIos" */;
			buildPhases = (
				9695E41A2CB117F800FC0C12 /* Sources */,
				9695E41B2CB117F800FC0C12 /* Frameworks */,
				9695E41C2CB117F800FC0C12 /* Resources */,
			);
			buildRules = (
			);
			dependencies = (
			);
			name = AppliedIos;
			productName = AppliedIos;
			productReference = 9695E41E2CB117F800FC0C12 /* AppliedIos.app */;
			productType = "com.apple.product-type.application";
		};
/* End PBXNativeTarget section */

/* Begin PBXProject section */
		9695E4162CB117F800FC0C12 /* Project object */ = {
			isa = PBXProject;
			attributes = {
				BuildIndependentTargetsInParallel = 1;
				LastSwiftUpdateCheck = 1340;
				LastUpgradeCheck = 1340;
				TargetAttributes = {
					9695E41D2CB117F800FC0C12 = {
						CreatedOnToolsVersion = 13.4.1;
					};
				};
			};
			buildConfigurationList = 9695E4192CB117F800FC0C12 /* Build configuration list for PBXProject "AppliedIos" */;
			compatibilityVersion = "Xcode 13.0";
			developmentRegion = en;
			hasScannedForEncodings = 0;
			knownRegions = (
				en,
				Base,
			);
			mainGroup = 9695E4152CB117F800FC0C12;
			productRefGroup = 9695E41F2CB117F800FC0C12 /* Products */;
			projectDirPath = "";
			projectRoot = "";
			targets = (
				9695E41D2CB117F800FC0C12 /* AppliedIos */,
			);
		};
/* End PBXProject section */

/* Begin PBXResourcesBuildPhase section */
		9695E41C2CB117F800FC0C12 /* Resources */ = {
			isa = PBXResourcesBuildPhase;
			buildActionMask = 2147483647;
			files = (
				9695E4292CB117FA00FC0C12 /* Preview Assets.xcassets in Resources */,
				9695E4262CB117FA00FC0C12 /* Assets.xcassets in Resources */,
			);
			runOnlyForDeploymentPostprocessing = 0;
		};
/* End PBXResourcesBuildPhase section */

/* Begin PBXSourcesBuildPhase section */
		9695E41A2CB117F800FC0C12 /* Sources */ = {
			isa = PBXSourcesBuildPhase;
			buildActionMask = 2147483647;
			files = (
				9695E42B2CB117FA00FC0C12 /* Persistence.swift in Sources */,
				9695E42E2CB117FA00FC0C12 /* AppliedIos.xcdatamodeld in Sources */,
				9695E4242CB117F800FC0C12 /* ContentView.swift in Sources */,
				9695E4222CB117F800FC0C12 /* AppliedIosApp.swift in Sources */,
				96F0F98E2CDB487000CBBB54 /* ViewEditDetails.swift in Sources */,
			);
			runOnlyForDeploymentPostprocessing = 0;
		};
/* End PBXSourcesBuildPhase section */

/* Begin XCBuildConfiguration section */
		9695E42F2CB117FA00FC0C12 /* Debug */ = {
			isa = XCBuildConfiguration;
			buildSettings = {
				ALWAYS_SEARCH_USER_PATHS = NO;
				CLANG_ANALYZER_NONNULL = YES;
				CLANG_ANALYZER_NUMBER_OBJECT_CONVERSION = YES_AGGRESSIVE;
				CLANG_CXX_LANGUAGE_STANDARD = "gnu++17";
				CLANG_ENABLE_MODULES = YES;
				CLANG_ENABLE_OBJC_ARC = YES;
				CLANG_ENABLE_OBJC_WEAK = YES;
				CLANG_WARN_BLOCK_CAPTURE_AUTORELEASING = YES;
				CLANG_WARN_BOOL_CONVERSION = YES;
				CLANG_WARN_COMMA = YES;
				CLANG_WARN_CONSTANT_CONVERSION = YES;
				CLANG_WARN_DEPRECATED_OBJC_IMPLEMENTATIONS = YES;
				CLANG_WARN_DIRECT_OBJC_ISA_USAGE = YES_ERROR;
				CLANG_WARN_DOCUMENTATION_COMMENTS = YES;
				CLANG_WARN_EMPTY_BODY = YES;
				CLANG_WARN_ENUM_CONVERSION = YES;
				CLANG_WARN_INFINITE_RECURSION = YES;
				CLANG_WARN_INT_CONVERSION = YES;
				CLANG_WARN_NON_LITERAL_NULL_CONVERSION = YES;
				CLANG_WARN_OBJC_IMPLICIT_RETAIN_SELF = YES;
				CLANG_WARN_OBJC_LITERAL_CONVERSION = YES;
				CLANG_WARN_OBJC_ROOT_CLASS = YES_ERROR;
				CLANG_WARN_QUOTED_INCLUDE_IN_FRAMEWORK_HEADER = YES;
				CLANG_WARN_RANGE_LOOP_ANALYSIS = YES;
				CLANG_WARN_STRICT_PROTOTYPES = YES;
				CLANG_WARN_SUSPICIOUS_MOVE = YES;
				CLANG_WARN_UNGUARDED_AVAILABILITY = YES_AGGRESSIVE;
				CLANG_WARN_UNREACHABLE_CODE = YES;
				CLANG_WARN__DUPLICATE_METHOD_MATCH = YES;
				COPY_PHASE_STRIP = NO;
				DEBUG_INFORMATION_FORMAT = dwarf;
				ENABLE_STRICT_OBJC_MSGSEND = YES;
				ENABLE_TESTABILITY = YES;
				GCC_C_LANGUAGE_STANDARD = gnu11;
				GCC_DYNAMIC_NO_PIC = NO;
				GCC_NO_COMMON_BLOCKS = YES;
				GCC_OPTIMIZATION_LEVEL = 0;
				GCC_PREPROCESSOR_DEFINITIONS = (
					"DEBUG=1",
					"$(inherited)",
				);
				GCC_WARN_64_TO_32_BIT_CONVERSION = YES;
				GCC_WARN_ABOUT_RETURN_TYPE = YES_ERROR;
				GCC_WARN_UNDECLARED_SELECTOR = YES;
				GCC_WARN_UNINITIALIZED_AUTOS = YES_AGGRESSIVE;
				GCC_WARN_UNUSED_FUNCTION = YES;
				GCC_WARN_UNUSED_VARIABLE = YES;
				IPHONEOS_DEPLOYMENT_TARGET = 15.5;
				MTL_ENABLE_DEBUG_INFO = INCLUDE_SOURCE;
				MTL_FAST_MATH = YES;
				ONLY_ACTIVE_ARCH = YES;
				SDKROOT = iphoneos;
				SWIFT_ACTIVE_COMPILATION_CONDITIONS = DEBUG;
				SWIFT_OPTIMIZATION_LEVEL = "-Onone";
			};
			name = Debug;
		};
		9695E4302CB117FA00FC0C12 /* Release */ = {
			isa = XCBuildConfiguration;
			buildSettings = {
				ALWAYS_SEARCH_USER_PATHS = NO;
				CLANG_ANALYZER_NONNULL = YES;
				CLANG_ANALYZER_NUMBER_OBJECT_CONVERSION = YES_AGGRESSIVE;
				CLANG_CXX_LANGUAGE_STANDARD = "gnu++17";
				CLANG_ENABLE_MODULES = YES;
				CLANG_ENABLE_OBJC_ARC = YES;
				CLANG_ENABLE_OBJC_WEAK = YES;
				CLANG_WARN_BLOCK_CAPTURE_AUTORELEASING = YES;
				CLANG_WARN_BOOL_CONVERSION = YES;
				CLANG_WARN_COMMA = YES;
				CLANG_WARN_CONSTANT_CONVERSION = YES;
				CLANG_WARN_DEPRECATED_OBJC_IMPLEMENTATIONS = YES;
				CLANG_WARN_DIRECT_OBJC_ISA_USAGE = YES_ERROR;
				CLANG_WARN_DOCUMENTATION_COMMENTS = YES;
				CLANG_WARN_EMPTY_BODY = YES;
				CLANG_WARN_ENUM_CONVERSION = YES;
				CLANG_WARN_INFINITE_RECURSION = YES;
				CLANG_WARN_INT_CONVERSION = YES;
				CLANG_WARN_NON_LITERAL_NULL_CONVERSION = YES;
				CLANG_WARN_OBJC_IMPLICIT_RETAIN_SELF = YES;
				CLANG_WARN_OBJC_LITERAL_CONVERSION = YES;
				CLANG_WARN_OBJC_ROOT_CLASS = YES_ERROR;
				CLANG_WARN_QUOTED_INCLUDE_IN_FRAMEWORK_HEADER = YES;
				CLANG_WARN_RANGE_LOOP_ANALYSIS = YES;
				CLANG_WARN_STRICT_PROTOTYPES = YES;
				CLANG_WARN_SUSPICIOUS_MOVE = YES;
				CLANG_WARN_UNGUARDED_AVAILABILITY = YES_AGGRESSIVE;
				CLANG_WARN_UNREACHABLE_CODE = YES;
				CLANG_WARN__DUPLICATE_METHOD_MATCH = YES;
				COPY_PHASE_STRIP = NO;
				DEBUG_INFORMATION_FORMAT = "dwarf-with-dsym";
				ENABLE_NS_ASSERTIONS = NO;
				ENABLE_STRICT_OBJC_MSGSEND = YES;
				GCC_C_LANGUAGE_STANDARD = gnu11;
				GCC_NO_COMMON_BLOCKS = YES;
				GCC_WARN_64_TO_32_BIT_CONVERSION = YES;
				GCC_WARN_ABOUT_RETURN_TYPE = YES_ERROR;
				GCC_WARN_UNDECLARED_SELECTOR = YES;
				GCC_WARN_UNINITIALIZED_AUTOS = YES_AGGRESSIVE;
				GCC_WARN_UNUSED_FUNCTION = YES;
				GCC_WARN_UNUSED_VARIABLE = YES;
				IPHONEOS_DEPLOYMENT_TARGET = 15.5;
				MTL_ENABLE_DEBUG_INFO = NO;
				MTL_FAST_MATH = YES;
				SDKROOT = iphoneos;
				SWIFT_COMPILATION_MODE = wholemodule;
				SWIFT_OPTIMIZATION_LEVEL = "-O";
				VALIDATE_PRODUCT = YES;
			};
			name = Release;
		};
		9695E4322CB117FA00FC0C12 /* Debug */ = {
			isa = XCBuildConfiguration;
			buildSettings = {
				ASSETCATALOG_COMPILER_APPICON_NAME = AppIcon;
				ASSETCATALOG_COMPILER_GLOBAL_ACCENT_COLOR_NAME = AccentColor;
				CODE_SIGN_STYLE = Automatic;
				CURRENT_PROJECT_VERSION = 1;
				DEVELOPMENT_ASSET_PATHS = "\"AppliedIos/Preview Content\"";
				ENABLE_PREVIEWS = YES;
				GENERATE_INFOPLIST_FILE = YES;
				INFOPLIST_KEY_UIApplicationSceneManifest_Generation = YES;
				INFOPLIST_KEY_UIApplicationSupportsIndirectInputEvents = YES;
				INFOPLIST_KEY_UILaunchScreen_Generation = YES;
				INFOPLIST_KEY_UISupportedInterfaceOrientations_iPad = "UIInterfaceOrientationPortrait UIInterfaceOrientationPortraitUpsideDown UIInterfaceOrientationLandscapeLeft UIInterfaceOrientationLandscapeRight";
				INFOPLIST_KEY_UISupportedInterfaceOrientations_iPhone = "UIInterfaceOrientationPortrait UIInterfaceOrientationLandscapeLeft UIInterfaceOrientationLandscapeRight";
				LD_RUNPATH_SEARCH_PATHS = (
					"$(inherited)",
					"@executable_path/Frameworks",
				);
				MARKETING_VERSION = 1.0;
				PRODUCT_BUNDLE_IDENTIFIER = ddukk.AppliedIos;
				PRODUCT_NAME = "$(TARGET_NAME)";
				SWIFT_EMIT_LOC_STRINGS = YES;
				SWIFT_VERSION = 5.0;
				TARGETED_DEVICE_FAMILY = "1,2";
			};
			name = Debug;
		};
		9695E4332CB117FA00FC0C12 /* Release */ = {
			isa = XCBuildConfiguration;
			buildSettings = {
				ASSETCATALOG_COMPILER_APPICON_NAME = AppIcon;
				ASSETCATALOG_COMPILER_GLOBAL_ACCENT_COLOR_NAME = AccentColor;
				CODE_SIGN_STYLE = Automatic;
				CURRENT_PROJECT_VERSION = 1;
				DEVELOPMENT_ASSET_PATHS = "\"AppliedIos/Preview Content\"";
				ENABLE_PREVIEWS = YES;
				GENERATE_INFOPLIST_FILE = YES;
				INFOPLIST_KEY_UIApplicationSceneManifest_Generation = YES;
				INFOPLIST_KEY_UIApplicationSupportsIndirectInputEvents = YES;
				INFOPLIST_KEY_UILaunchScreen_Generation = YES;
				INFOPLIST_KEY_UISupportedInterfaceOrientations_iPad = "UIInterfaceOrientationPortrait UIInterfaceOrientationPortraitUpsideDown UIInterfaceOrientationLandscapeLeft UIInterfaceOrientationLandscapeRight";
				INFOPLIST_KEY_UISupportedInterfaceOrientations_iPhone = "UIInterfaceOrientationPortrait UIInterfaceOrientationLandscapeLeft UIInterfaceOrientationLandscapeRight";
				LD_RUNPATH_SEARCH_PATHS = (
					"$(inherited)",
					"@executable_path/Frameworks",
				);
				MARKETING_VERSION = 1.0;
				PRODUCT_BUNDLE_IDENTIFIER = ddukk.AppliedIos;
				PRODUCT_NAME = "$(TARGET_NAME)";
				SWIFT_EMIT_LOC_STRINGS = YES;
				SWIFT_VERSION = 5.0;
				TARGETED_DEVICE_FAMILY = "1,2";
			};
			name = Release;
		};
/* End XCBuildConfiguration section */

/* Begin XCConfigurationList section */
		9695E4192CB117F800FC0C12 /* Build configuration list for PBXProject "AppliedIos" */ = {
			isa = XCConfigurationList;
			buildConfigurations = (
				9695E42F2CB117FA00FC0C12 /* Debug */,
				9695E4302CB117FA00FC0C12 /* Release */,
			);
			defaultConfigurationIsVisible = 0;
			defaultConfigurationName = Release;
		};
		9695E4312CB117FA00FC0C12 /* Build configuration list for PBXNativeTarget "AppliedIos" */ = {
			isa = XCConfigurationList;
			buildConfigurations = (
				9695E4322CB117FA00FC0C12 /* Debug */,
				9695E4332CB117FA00FC0C12 /* Release */,
			);
			defaultConfigurationIsVisible = 0;
			defaultConfigurationName = Release;
		};
/* End XCConfigurationList section */

/* Begin XCVersionGroup section */
		9695E42C2CB117FA00FC0C12 /* AppliedIos.xcdatamodeld */ = {
			isa = XCVersionGroup;
			children = (
				9690142D2CB13FD40015C730 /* AppliedIos 2.xcdatamodel */,
				9695E42D2CB117FA00FC0C12 /* AppliedIos.xcdatamodel */,
			);
			currentVersion = 9690142D2CB13FD40015C730 /* AppliedIos 2.xcdatamodel */;
			path = AppliedIos.xcdatamodeld;
			sourceTree = "<group>";
			versionGroupType = wrapper.xcdatamodel;
		};
/* End XCVersionGroup section */
	};
	rootObject = 9695E4162CB117F800FC0C12 /* Project object */;
}
